Program Project1;

{$APPTYPE CONSOLE}

{$R *.res}

Uses
    System.SysUtils;

Var
    Side1,Side2,Side3 : Integer;
    IsCorrect: Boolean;

Begin
    WriteLn('Write your side');
    Side1 := 0;
    Repeat
        IsCorrect := True;
        Try
            Readln(Side1);
            If (Side1 < 0) Or (Side1 > 1000000001)  Then
            Begin
                Writeln('Error. You are DIBIL!!!!');
                IsCorrect := False;
            End;
        Except
            Writeln('Error. You are DIBIL!!!!');
            IsCorrect := False;
        End;
    Until IsCorrect;
    Side2 := 0;
    Repeat
        IsCorrect := True;
        Try
            Readln(Side2);
            If (Side2 < 0) Or (Side2 > 1000000001)  Then
            Begin
                Writeln('Error. You are DIBIL!!!!');
                IsCorrect := False;
            End;
        Except
            Writeln('Error. You are DIBIL!!!!');
            IsCorrect := False;
        End;
    Until IsCorrect;
    Side3 := 0;
    Repeat
        IsCorrect := True;
        Try
            Readln(Side3);
            If (Side3 < 0) Or (Side3 > 1000000001) Then
            Begin
                Writeln('Error. You are DIBIL!!!!');
                IsCorrect := False;
            End;
        Except
            Writeln('Error. You are DIBIL!!!!');
            IsCorrect := False;
        End;
    Until IsCorrect;
    If (Side1 + Side2 > Side3) And (Side1 + Side3 > Side2) And (Side2 + Side3 > Side1) Then
    Begin
        If (Side1 = Side2) Or (Side1 = Side3) Or (Side3 = Side2) Then
            Writeln('Треугольник равнобедренный  ')
        Else
            Writeln('Треугольник не равнобедренный  ');
    End
    Else
    Writeln('Треугольник не существует  ');
    Readln;
End.
